
Microsoft Visual Studio Solution File, Format Version 12.00
# Visual Studio Version 17
VisualStudioVersion = 17.9.34728.123
MinimumVisualStudioVersion = 10.0.40219.1
Project("{FAE04EC0-301F-11D3-BF4B-00C04F79EFBC}") = "JogoAdivinha", "JogoAdivinha\JogoAdivinha.csproj", "{DA002A0A-CDE4-4EA8-A442-DE151ED7CF42}"
EndProject
Global
	GlobalSection(SolutionConfigurationPlatforms) = preSolution
		Debug|Any CPU = Debug|Any CPU
		Release|Any CPU = Release|Any CPU
	EndGlobalSection
	GlobalSection(ProjectConfigurationPlatforms) = postSolution
		{DA002A0A-CDE4-4EA8-A442-DE151ED7CF42}.Debug|Any CPU.ActiveCfg = Debug|Any CPU
		{DA002A0A-CDE4-4EA8-A442-DE151ED7CF42}.Debug|Any CPU.Build.0 = Debug|Any CPU
		{DA002A0A-CDE4-4EA8-A442-DE151ED7CF42}.Release|Any CPU.ActiveCfg = Release|Any CPU
		{DA002A0A-CDE4-4EA8-A442-DE151ED7CF42}.Release|Any CPU.Build.0 = Release|Any CPU
	EndGlobalSection
	GlobalSection(SolutionProperties) = preSolution
		HideSolutionNode = FALSE
	EndGlobalSection
	GlobalSection(ExtensibilityGlobals) = postSolution
		SolutionGuid = {61A12CF0-A81F-40D8-BE7A-F18B34830460}
	EndGlobalSection
EndGlobal
